
Microsoft Visual Studio Solution File, Format Version 12.00
# Visual Studio Version 17
VisualStudioVersion = 17.13.35723.152 d17.13
MinimumVisualStudioVersion = 10.0.40219.1
Project("{FAE04EC0-301F-11D3-BF4B-00C04F79EFBC}") = "GraphicEditor", "GraphicEditor\GraphicEditor.csproj", "{DFFA915D-9AE9-4A9E-9B7C-0763E463B2A8}"
EndProject
Global
	GlobalSection(SolutionConfigurationPlatforms) = preSolution
		Debug|Any CPU = Debug|Any CPU
		Release|Any CPU = Release|Any CPU
	EndGlobalSection
	GlobalSection(ProjectConfigurationPlatforms) = postSolution
		{DFFA915D-9AE9-4A9E-9B7C-0763E463B2A8}.Debug|Any CPU.ActiveCfg = Debug|Any CPU
		{DFFA915D-9AE9-4A9E-9B7C-0763E463B2A8}.Debug|Any CPU.Build.0 = Debug|Any CPU
		{DFFA915D-9AE9-4A9E-9B7C-0763E463B2A8}.Release|Any CPU.ActiveCfg = Release|Any CPU
		{DFFA915D-9AE9-4A9E-9B7C-0763E463B2A8}.Release|Any CPU.Build.0 = Release|Any CPU
	EndGlobalSection
	GlobalSection(SolutionProperties) = preSolution
		HideSolutionNode = FALSE
	EndGlobalSection
	GlobalSection(ExtensibilityGlobals) = postSolution
		SolutionGuid = {063C925F-5DF7-4DDF-9C6E-E648495848E4}
	EndGlobalSection
EndGlobal
