
Microsoft Visual Studio Solution File, Format Version 12.00
# Visual Studio Version 17
VisualStudioVersion = 17.12.35707.178 d17.12
MinimumVisualStudioVersion = 10.0.40219.1
Project("{FAE04EC0-301F-11D3-BF4B-00C04F79EFBC}") = "UserExample", "UserExample\UserExample.csproj", "{8EC67370-8E74-460C-8DCF-60D3498950FC}"
EndProject
Project("{FAE04EC0-301F-11D3-BF4B-00C04F79EFBC}") = "UserExample.Tests", "UserExample.Tests\UserExample.Tests.csproj", "{B60B99BF-52E7-4942-91F5-F78277C36095}"
EndProject
Global
	GlobalSection(SolutionConfigurationPlatforms) = preSolution
		Debug|Any CPU = Debug|Any CPU
		Release|Any CPU = Release|Any CPU
	EndGlobalSection
	GlobalSection(ProjectConfigurationPlatforms) = postSolution
		{8EC67370-8E74-460C-8DCF-60D3498950FC}.Debug|Any CPU.ActiveCfg = Debug|Any CPU
		{8EC67370-8E74-460C-8DCF-60D3498950FC}.Debug|Any CPU.Build.0 = Debug|Any CPU
		{8EC67370-8E74-460C-8DCF-60D3498950FC}.Release|Any CPU.ActiveCfg = Release|Any CPU
		{8EC67370-8E74-460C-8DCF-60D3498950FC}.Release|Any CPU.Build.0 = Release|Any CPU
		{B60B99BF-52E7-4942-91F5-F78277C36095}.Debug|Any CPU.ActiveCfg = Debug|Any CPU
		{B60B99BF-52E7-4942-91F5-F78277C36095}.Debug|Any CPU.Build.0 = Debug|Any CPU
		{B60B99BF-52E7-4942-91F5-F78277C36095}.Release|Any CPU.ActiveCfg = Release|Any CPU
		{B60B99BF-52E7-4942-91F5-F78277C36095}.Release|Any CPU.Build.0 = Release|Any CPU
	EndGlobalSection
	GlobalSection(SolutionProperties) = preSolution
		HideSolutionNode = FALSE
	EndGlobalSection
EndGlobal
